{
  "nodes": {
    "nixpkgs": {
      "locked": {
        "lastModified": 1769789167,
        "narHash": "sha256-kKB3bqYJU5nzYeIROI82Ef9VtTbu4uA3YydSk/Bioa8=",
        "owner": "NixOS",
        "repo": "nixpkgs",
        "rev": "62c8382960464ceb98ea593cb8321a2cf8f9e3e5",
        "type": "github"
      },
      "original": {
        "owner": "NixOS",
        "ref": "nixos-unstable",
        "repo": "nixpkgs",
        "type": "github"
      }
    },
    "root": {
      "inputs": {
        "nixpkgs": "nixpkgs",
        "yt-dlp-src": "yt-dlp-src"
      }
    },
    "yt-dlp-src": {
      "flake": false,
      "locked": {
        "lastModified": 1769903570,
        "narHash": "sha256-3sXXyWuQI6KTOQIkkOfJhCTBBh3Zkv59ENhkrz9Sgxc=",
        "owner": "yt-dlp",
        "repo": "yt-dlp",
        "rev": "891613b098b2b315d983c2ae16901f5de344ca56",
        "type": "github"
      },
      "original": {
        "owner": "yt-dlp",
        "repo": "yt-dlp",
        "type": "github"
      }
    }
  },
  "root": "root",
  "version": 7
}
